
Microsoft Visual Studio Solution File, Format Version 12.00
# Visual Studio Version 16
VisualStudioVersion = 16.0.29411.108
MinimumVisualStudioVersion = 10.0.40219.1
Project("{9A19103F-16F7-4668-BE54-9A1E7A4F7556}") = "Project1", "Project1\Project1.csproj", "{7F54555A-E7D9-468C-AE7E-F0B712A48FCA}"
EndProject
Project("{9A19103F-16F7-4668-BE54-9A1E7A4F7556}") = "BusinessLogic", "BusinessLogic\BusinessLogic.csproj", "{1D2E2344-23A4-4B4B-86E6-8C5523FC79D2}"
EndProject
Project("{9A19103F-16F7-4668-BE54-9A1E7A4F7556}") = "DataAccess", "DataAccess\DataAccess.csproj", "{7C503912-05D7-42CF-8418-220BE1E23AF0}"
EndProject
Project("{9A19103F-16F7-4668-BE54-9A1E7A4F7556}") = "Project1_Tester", "Project0_Tester\Project1_Tester.csproj", "{D44139A8-5E97-4AEC-85B6-2C62D7EA64F3}"
EndProject
Global
	GlobalSection(SolutionConfigurationPlatforms) = preSolution
		Debug|Any CPU = Debug|Any CPU
		Release|Any CPU = Release|Any CPU
	EndGlobalSection
	GlobalSection(ProjectConfigurationPlatforms) = postSolution
		{7F54555A-E7D9-468C-AE7E-F0B712A48FCA}.Debug|Any CPU.ActiveCfg = Debug|Any CPU
		{7F54555A-E7D9-468C-AE7E-F0B712A48FCA}.Debug|Any CPU.Build.0 = Debug|Any CPU
		{7F54555A-E7D9-468C-AE7E-F0B712A48FCA}.Release|Any CPU.ActiveCfg = Release|Any CPU
		{7F54555A-E7D9-468C-AE7E-F0B712A48FCA}.Release|Any CPU.Build.0 = Release|Any CPU
		{1D2E2344-23A4-4B4B-86E6-8C5523FC79D2}.Debug|Any CPU.ActiveCfg = Debug|Any CPU
		{1D2E2344-23A4-4B4B-86E6-8C5523FC79D2}.Debug|Any CPU.Build.0 = Debug|Any CPU
		{1D2E2344-23A4-4B4B-86E6-8C5523FC79D2}.Release|Any CPU.ActiveCfg = Release|Any CPU
		{1D2E2344-23A4-4B4B-86E6-8C5523FC79D2}.Release|Any CPU.Build.0 = Release|Any CPU
		{7C503912-05D7-42CF-8418-220BE1E23AF0}.Debug|Any CPU.ActiveCfg = Debug|Any CPU
		{7C503912-05D7-42CF-8418-220BE1E23AF0}.Debug|Any CPU.Build.0 = Debug|Any CPU
		{7C503912-05D7-42CF-8418-220BE1E23AF0}.Release|Any CPU.ActiveCfg = Release|Any CPU
		{7C503912-05D7-42CF-8418-220BE1E23AF0}.Release|Any CPU.Build.0 = Release|Any CPU
		{D44139A8-5E97-4AEC-85B6-2C62D7EA64F3}.Debug|Any CPU.ActiveCfg = Debug|Any CPU
		{D44139A8-5E97-4AEC-85B6-2C62D7EA64F3}.Debug|Any CPU.Build.0 = Debug|Any CPU
		{D44139A8-5E97-4AEC-85B6-2C62D7EA64F3}.Release|Any CPU.ActiveCfg = Release|Any CPU
		{D44139A8-5E97-4AEC-85B6-2C62D7EA64F3}.Release|Any CPU.Build.0 = Release|Any CPU
	EndGlobalSection
	GlobalSection(SolutionProperties) = preSolution
		HideSolutionNode = FALSE
	EndGlobalSection
	GlobalSection(ExtensibilityGlobals) = postSolution
		SolutionGuid = {DEE025F5-7CF4-4496-B9DE-89DB685A470A}
	EndGlobalSection
EndGlobal
