
Microsoft Visual Studio Solution File, Format Version 12.00
# Visual Studio Version 16
VisualStudioVersion = 16.0.29905.134
MinimumVisualStudioVersion = 10.0.40219.1
Project("{9A19103F-16F7-4668-BE54-9A1E7A4F7556}") = "CupCakeUI", "CupCakeUI\CupCakeUI.csproj", "{B2C7CCD4-BD29-4302-B72C-ADAADFF9BCB5}"
EndProject
Project("{9A19103F-16F7-4668-BE54-9A1E7A4F7556}") = "CupCakeData", "CupCakeData\CupCakeData.csproj", "{5038F2E8-C87F-4A77-9D91-281D97119ACB}"
EndProject
Project("{9A19103F-16F7-4668-BE54-9A1E7A4F7556}") = "CupCakeLib", "CupCakeLib\CupCakeLib.csproj", "{3CC08CAC-C211-422F-8CEE-FF28492A68F5}"
EndProject
Global
	GlobalSection(SolutionConfigurationPlatforms) = preSolution
		Debug|Any CPU = Debug|Any CPU
		Release|Any CPU = Release|Any CPU
	EndGlobalSection
	GlobalSection(ProjectConfigurationPlatforms) = postSolution
		{B2C7CCD4-BD29-4302-B72C-ADAADFF9BCB5}.Debug|Any CPU.ActiveCfg = Debug|Any CPU
		{B2C7CCD4-BD29-4302-B72C-ADAADFF9BCB5}.Debug|Any CPU.Build.0 = Debug|Any CPU
		{B2C7CCD4-BD29-4302-B72C-ADAADFF9BCB5}.Release|Any CPU.ActiveCfg = Release|Any CPU
		{B2C7CCD4-BD29-4302-B72C-ADAADFF9BCB5}.Release|Any CPU.Build.0 = Release|Any CPU
		{5038F2E8-C87F-4A77-9D91-281D97119ACB}.Debug|Any CPU.ActiveCfg = Debug|Any CPU
		{5038F2E8-C87F-4A77-9D91-281D97119ACB}.Debug|Any CPU.Build.0 = Debug|Any CPU
		{5038F2E8-C87F-4A77-9D91-281D97119ACB}.Release|Any CPU.ActiveCfg = Release|Any CPU
		{5038F2E8-C87F-4A77-9D91-281D97119ACB}.Release|Any CPU.Build.0 = Release|Any CPU
		{3CC08CAC-C211-422F-8CEE-FF28492A68F5}.Debug|Any CPU.ActiveCfg = Debug|Any CPU
		{3CC08CAC-C211-422F-8CEE-FF28492A68F5}.Debug|Any CPU.Build.0 = Debug|Any CPU
		{3CC08CAC-C211-422F-8CEE-FF28492A68F5}.Release|Any CPU.ActiveCfg = Release|Any CPU
		{3CC08CAC-C211-422F-8CEE-FF28492A68F5}.Release|Any CPU.Build.0 = Release|Any CPU
	EndGlobalSection
	GlobalSection(SolutionProperties) = preSolution
		HideSolutionNode = FALSE
	EndGlobalSection
	GlobalSection(ExtensibilityGlobals) = postSolution
		SolutionGuid = {F8D0C4A2-D1B1-4F67-8874-8858F9391DFC}
	EndGlobalSection
EndGlobal
